
Microsoft Visual Studio Solution File, Format Version 12.00
# Visual Studio Version 16
VisualStudioVersion = 16.0.30413.136
MinimumVisualStudioVersion = 10.0.40219.1
Project("{FAE04EC0-301F-11D3-BF4B-00C04F79EFBC}") = "InventoryManagementCore", "InventoryManagementCore\InventoryManagementCore.csproj", "{2A206D61-2123-45E8-A57E-12103A0B7539}"
EndProject
Global
	GlobalSection(SolutionConfigurationPlatforms) = preSolution
		Debug|Any CPU = Debug|Any CPU
		Release|Any CPU = Release|Any CPU
	EndGlobalSection
	GlobalSection(ProjectConfigurationPlatforms) = postSolution
		{2A206D61-2123-45E8-A57E-12103A0B7539}.Debug|Any CPU.ActiveCfg = Debug|Any CPU
		{2A206D61-2123-45E8-A57E-12103A0B7539}.Debug|Any CPU.Build.0 = Debug|Any CPU
		{2A206D61-2123-45E8-A57E-12103A0B7539}.Release|Any CPU.ActiveCfg = Release|Any CPU
		{2A206D61-2123-45E8-A57E-12103A0B7539}.Release|Any CPU.Build.0 = Release|Any CPU
	EndGlobalSection
	GlobalSection(SolutionProperties) = preSolution
		HideSolutionNode = FALSE
	EndGlobalSection
	GlobalSection(ExtensibilityGlobals) = postSolution
		SolutionGuid = {5D5A2919-4EBC-4A52-BCB1-40C5B57161C1}
	EndGlobalSection
EndGlobal
